{
  "version": "4",
  "specifiers": {
    "npm:@jsr/std__assert@^1.0.6": "1.0.6",
    "npm:@jsr/std__fs@^1.0.4": "1.0.4",
    "npm:@jsr/std__path@^1.0.6": "1.0.6"
  },
  "npm": {
    "@jsr/std__assert@1.0.6": {
      "integrity": "sha512-lWRoX42lexkqLDxxVA6VG+zk++yiOI9udIqigeSpQu0N5ri6l665gkNLbisIAEDkiUg86FTRPb5sLdtUUNfkmg==",
      "dependencies": [
        "@jsr/std__internal"
      ]
    },
    "@jsr/std__fs@1.0.4": {
      "integrity": "sha512-0O5aY0IR+NIqfw5BZbYiQ0t0QO/mCaJCQwsrs0kkfkN41t/p9gLGqem10/3zvydYcspUuwwaFlvh9WWQVyR9DA==",
      "dependencies": [
        "@jsr/std__path"
      ]
    },
    "@jsr/std__internal@1.0.4": {
      "integrity": "sha512-oPUgFN5+ogDYCFjCSQqqN1sH27VB544HsJKwuwuGkSkeawwNj8CQc7Z7znwYFm3Zoy3FhW+eXErSXgg42UytKw=="
    },
    "@jsr/std__path@1.0.6": {
      "integrity": "sha512-A8WmQshHm5W5jN1OO24qH0VHWVv6vvmUzJiODKvvIUW1jNGVf04b86b9XWMoZPwlMEHq1mGgxWN9AuXY0CY2yg=="
    }
  },
  "remote": {
    "https://deno.land/std@0.140.0/fmt/colors.ts": "30455035d6d728394781c10755351742dd731e3db6771b1843f9b9e490104d37",
    "https://deno.land/std@0.140.0/testing/_diff.ts": "029a00560b0d534bc0046f1bce4bd36b3b41ada3f2a3178c85686eb2ff5f1413",
    "https://deno.land/std@0.140.0/testing/_format.ts": "0d8dc79eab15b67cdc532826213bbe05bccfd276ca473a50a3fc7bbfb7260642",
    "https://deno.land/std@0.140.0/testing/asserts.ts": "3eea146ece74b36d4add6243c19c302e47b2b0201fbeceeeb243b06b6b410af7"
  },
  "workspace": {
    "packageJson": {
      "dependencies": [
        "npm:@jsr/std__assert@^1.0.6",
        "npm:@jsr/std__fs@^1.0.4",
        "npm:@jsr/std__path@^1.0.6"
      ]
    }
  }
}
